<?xml version="1.0" encoding="utf-8"?>
<Project ToolsVersion="4.0" xmlns="http://schemas.microsoft.com/developer/msbuild/2003">
  <ItemGroup>
    <Filter Include="소스 파일">
      <UniqueIdentifier>{4FC737F1-C7A5-4376-A066-2A32D752A2FF}</UniqueIdentifier>
      <Extensions>cpp;c;cc;cxx;def;odl;idl;hpj;bat;asm;asmx</Extensions>
    </Filter>
    <Filter Include="헤더 파일">
      <UniqueIdentifier>{93995380-89BD-4b04-88EB-625FBE52EBFB}</UniqueIdentifier>
      <Extensions>h;hpp;hxx;hm;inl;inc;xsd</Extensions>
    </Filter>
    <Filter Include="리소스 파일">
      <UniqueIdentifier>{67DA6AB6-F800-4c08-8B7A-83BB121AAD01}</UniqueIdentifier>
      <Extensions>rc;ico;cur;bmp;dlg;rc2;rct;bin;rgs;gif;jpg;jpeg;jpe;resx;tiff;tif;png;wav;mfcribbon-ms</Extensions>
    </Filter>
  </ItemGroup>
  <ItemGroup>
    <None Include="ReadMe.txt" />
    <None Include="AxiSlicer.reg" />
    <None Include="res\file_view.ico">
      <Filter>리소스 파일</Filter>
    </None>
    <None Include="res\file_view_hc.ico">
      <Filter>리소스 파일</Filter>
    </None>
    <None Include="res\class_view.ico">
      <Filter>리소스 파일</Filter>
    </None>
    <None Include="res\class_view_hc.ico">
      <Filter>리소스 파일</Filter>
    </None>
    <None Include="res\fileview.bmp">
      <Filter>리소스 파일</Filter>
    </None>
    <None Include="res\fileview_hc.bmp">
      <Filter>리소스 파일</Filter>
    </None>
    <None Include="res\classview.bmp">
      <Filter>리소스 파일</Filter>
    </None>
    <None Include="res\classview_hc.bmp">
      <Filter>리소스 파일</Filter>
    </None>
    <None Include="res\explorer.bmp">
      <Filter>리소스 파일</Filter>
    </None>
    <None Include="res\explorer_hc.bmp">
      <Filter>리소스 파일</Filter>
    </None>
    <None Include="res\sort.bmp">
      <Filter>리소스 파일</Filter>
    </None>
    <None Include="res\sort_hc.bmp">
      <Filter>리소스 파일</Filter>
    </None>
    <None Include="res\menuimages.bmp">
      <Filter>리소스 파일</Filter>
    </None>
    <None Include="res\menuimages_hc.bmp">
      <Filter>리소스 파일</Filter>
    </None>
    <None Include="res\output_wnd.ico">
      <Filter>리소스 파일</Filter>
    </None>
    <None Include="res\output_wnd_hc.ico">
      <Filter>리소스 파일</Filter>
    </None>
    <None Include="res\properties_wnd.ico">
      <Filter>리소스 파일</Filter>
    </None>
    <None Include="res\properties_wnd_hc.ico">
      <Filter>리소스 파일</Filter>
    </None>
    <None Include="res\properties.bmp">
      <Filter>리소스 파일</Filter>
    </None>
    <None Include="res\properties_hc.bmp">
      <Filter>리소스 파일</Filter>
    </None>
    <None Include="UserImages.bmp">
      <Filter>리소스 파일</Filter>
    </None>
    <None Include="res\AxiSlicer.rc2">
      <Filter>리소스 파일</Filter>
    </None>
    <None Include="res\AxiSlicerDoc.ico">
      <Filter>리소스 파일</Filter>
    </None>
    <None Include="res\AxiSlicer.ico">
      <Filter>리소스 파일</Filter>
    </None>
    <None Include="res\Toolbar.bmp">
      <Filter>리소스 파일</Filter>
    </None>
    <None Include="res\Toolbar256.bmp">
      <Filter>리소스 파일</Filter>
    </None>
  </ItemGroup>
  <ItemGroup>
    <ClInclude Include="stdafx.h">
      <Filter>헤더 파일</Filter>
    </ClInclude>
    <ClInclude Include="targetver.h">
      <Filter>헤더 파일</Filter>
    </ClInclude>
    <ClInclude Include="MainFrm.h">
      <Filter>헤더 파일</Filter>
    </ClInclude>
    <ClInclude Include="ChildFrm.h">
      <Filter>헤더 파일</Filter>
    </ClInclude>
    <ClInclude Include="AxiSlicerDoc.h">
      <Filter>헤더 파일</Filter>
    </ClInclude>
    <ClInclude Include="AxiSlicerView.h">
      <Filter>헤더 파일</Filter>
    </ClInclude>
    <ClInclude Include="Resource.h">
      <Filter>헤더 파일</Filter>
    </ClInclude>
    <ClInclude Include="FileView.h">
      <Filter>헤더 파일</Filter>
    </ClInclude>
    <ClInclude Include="ClassView.h">
      <Filter>헤더 파일</Filter>
    </ClInclude>
    <ClInclude Include="ViewTree.h">
      <Filter>헤더 파일</Filter>
    </ClInclude>
    <ClInclude Include="OutputWnd.h">
      <Filter>헤더 파일</Filter>
    </ClInclude>
    <ClInclude Include="PropertiesWnd.h">
      <Filter>헤더 파일</Filter>
    </ClInclude>
    <ClInclude Include="AxiSlicer.h">
      <Filter>소스 파일</Filter>
    </ClInclude>
    <ClInclude Include="configBase.h">
      <Filter>소스 파일</Filter>
    </ClInclude>
    <ClInclude Include="configWizard.h">
      <Filter>소스 파일</Filter>
    </ClInclude>
    <ClInclude Include="app.h">
      <Filter>헤더 파일</Filter>
    </ClInclude>
    <ClInclude Include="cstl.h">
      <Filter>헤더 파일</Filter>
    </ClInclude>
    <ClInclude Include="hashlib.h">
      <Filter>헤더 파일</Filter>
    </ClInclude>
    <ClInclude Include="mainWindow.h">
      <Filter>헤더 파일</Filter>
    </ClInclude>
    <ClInclude Include="mesh.h">
      <Filter>헤더 파일</Filter>
    </ClInclude>
    <ClInclude Include="meshLoader.h">
      <Filter>헤더 파일</Filter>
    </ClInclude>
    <ClInclude Include="objectScene.h">
      <Filter>헤더 파일</Filter>
    </ClInclude>
    <ClInclude Include="opengl.h">
      <Filter>헤더 파일</Filter>
    </ClInclude>
    <ClInclude Include="openglGui.h">
      <Filter>헤더 파일</Filter>
    </ClInclude>
    <ClInclude Include="polygon.h">
      <Filter>헤더 파일</Filter>
    </ClInclude>
    <ClInclude Include="profile.h">
      <Filter>헤더 파일</Filter>
    </ClInclude>
    <ClInclude Include="sceneView.h">
      <Filter>헤더 파일</Filter>
    </ClInclude>
    <ClInclude Include="sliceEngine.h">
      <Filter>헤더 파일</Filter>
    </ClInclude>
    <ClInclude Include="stlio.h">
      <Filter>헤더 파일</Filter>
    </ClInclude>
    <ClInclude Include="gcodeInterpreter.h">
      <Filter>헤더 파일</Filter>
    </ClInclude>
    <ClInclude Include="CommAPI.h">
      <Filter>헤더 파일</Filter>
    </ClInclude>
    <ClInclude Include="CommPortDlg.h">
      <Filter>헤더 파일</Filter>
    </ClInclude>
    <ClInclude Include="ComPortCombo.h">
      <Filter>헤더 파일</Filter>
    </ClInclude>
    <ClInclude Include="ComPortList.h">
      <Filter>헤더 파일</Filter>
    </ClInclude>
    <ClInclude Include="CvvImage.h">
      <Filter>헤더 파일</Filter>
    </ClInclude>
    <ClInclude Include="EnumDevices.h">
      <Filter>헤더 파일</Filter>
    </ClInclude>
    <ClInclude Include="EnumSerial.h">
      <Filter>헤더 파일</Filter>
    </ClInclude>
    <ClInclude Include="ScannerDlg.h">
      <Filter>헤더 파일</Filter>
    </ClInclude>
  </ItemGroup>
  <ItemGroup>
    <ClCompile Include="AxiSlicer.cpp">
      <Filter>소스 파일</Filter>
    </ClCompile>
    <ClCompile Include="stdafx.cpp">
      <Filter>소스 파일</Filter>
    </ClCompile>
    <ClCompile Include="MainFrm.cpp">
      <Filter>소스 파일</Filter>
    </ClCompile>
    <ClCompile Include="ChildFrm.cpp">
      <Filter>소스 파일</Filter>
    </ClCompile>
    <ClCompile Include="AxiSlicerDoc.cpp">
      <Filter>소스 파일</Filter>
    </ClCompile>
    <ClCompile Include="AxiSlicerView.cpp">
      <Filter>소스 파일</Filter>
    </ClCompile>
    <ClCompile Include="FileView.cpp">
      <Filter>소스 파일</Filter>
    </ClCompile>
    <ClCompile Include="ClassView.cpp">
      <Filter>소스 파일</Filter>
    </ClCompile>
    <ClCompile Include="ViewTree.cpp">
      <Filter>소스 파일</Filter>
    </ClCompile>
    <ClCompile Include="OutputWnd.cpp">
      <Filter>소스 파일</Filter>
    </ClCompile>
    <ClCompile Include="PropertiesWnd.cpp">
      <Filter>소스 파일</Filter>
    </ClCompile>
    <ClCompile Include="mainWindow.cpp">
      <Filter>소스 파일</Filter>
    </ClCompile>
    <ClCompile Include="mesh.cpp">
      <Filter>소스 파일</Filter>
    </ClCompile>
    <ClCompile Include="meshLoader.cpp">
      <Filter>소스 파일</Filter>
    </ClCompile>
    <ClCompile Include="obj.cpp">
      <Filter>소스 파일</Filter>
    </ClCompile>
    <ClCompile Include="objectScene.cpp">
      <Filter>소스 파일</Filter>
    </ClCompile>
    <ClCompile Include="polygon.cpp">
      <Filter>소스 파일</Filter>
    </ClCompile>
    <ClCompile Include="printWindow.cpp">
      <Filter>소스 파일</Filter>
    </ClCompile>
    <ClCompile Include="profile.cpp">
      <Filter>소스 파일</Filter>
    </ClCompile>
    <ClCompile Include="sceneView.cpp">
      <Filter>소스 파일</Filter>
    </ClCompile>
    <ClCompile Include="sliceEngine.cpp">
      <Filter>소스 파일</Filter>
    </ClCompile>
    <ClCompile Include="stl.cpp">
      <Filter>소스 파일</Filter>
    </ClCompile>
    <ClCompile Include="stlio.cpp">
      <Filter>소스 파일</Filter>
    </ClCompile>
    <ClCompile Include="util3d.cpp">
      <Filter>소스 파일</Filter>
    </ClCompile>
    <ClCompile Include="configBase.cpp">
      <Filter>소스 파일</Filter>
    </ClCompile>
    <ClCompile Include="configWizard.cpp">
      <Filter>소스 파일</Filter>
    </ClCompile>
    <ClCompile Include="app.cpp">
      <Filter>소스 파일</Filter>
    </ClCompile>
    <ClCompile Include="openglGui.cpp">
      <Filter>소스 파일</Filter>
    </ClCompile>
    <ClCompile Include="opengl.cpp">
      <Filter>소스 파일</Filter>
    </ClCompile>
    <ClCompile Include="matrixfunc.cpp">
      <Filter>소스 파일</Filter>
    </ClCompile>
    <ClCompile Include="gcodeInterpreter .cpp">
      <Filter>소스 파일</Filter>
    </ClCompile>
    <ClCompile Include="gcodefilelist.cpp">
      <Filter>소스 파일</Filter>
    </ClCompile>
    <ClCompile Include="CommAPI.cpp">
      <Filter>소스 파일</Filter>
    </ClCompile>
    <ClCompile Include="CommPortDlg.cpp">
      <Filter>소스 파일</Filter>
    </ClCompile>
    <ClCompile Include="ComPortCombo.cpp">
      <Filter>소스 파일</Filter>
    </ClCompile>
    <ClCompile Include="CvvImage.cpp">
      <Filter>소스 파일</Filter>
    </ClCompile>
    <ClCompile Include="EnumDevices.cpp">
      <Filter>소스 파일</Filter>
    </ClCompile>
    <ClCompile Include="EnumSerial.cpp">
      <Filter>소스 파일</Filter>
    </ClCompile>
    <ClCompile Include="ScannerDlg.cpp">
      <Filter>소스 파일</Filter>
    </ClCompile>
  </ItemGroup>
  <ItemGroup>
    <ResourceCompile Include="AxiSlicer.rc">
      <Filter>리소스 파일</Filter>
    </ResourceCompile>
  </ItemGroup>
</Project>